Microsoft Visual Studio Solution File, Format Version 12.00
# Visual Studio 14
VisualStudioVersion = 14.0.23107.0
MinimumVisualStudioVersion = 10.0.40219.1
Project("{0e90e53f-6928-44ad-bf54-688d575c2430}") = "Sample.Endpoint1", "Sample.Endpoint1\Sample.Endpoint1.csproj", "{62dd2ddd-0bd4-4e9f-96bf-5d843525ca6c}"
EndProject
Project("{0e90e53f-6928-44ad-bf54-688d575c2430}") = "Sample.Endpoint2", "Sample.Endpoint2\Sample.Endpoint2.csproj", "{67a48904-a4b8-4185-9e0b-f59ae43a8317}"
EndProject
Project("{0e90e53f-6928-44ad-bf54-688d575c2430}") = "Ignited.NServiceBus.Shared", "Ignited.NServiceBus.Shared\Ignited.NServiceBus.Shared.csproj", "{9520c003-4d3a-4128-afd8-d4521134b45c}"
EndProject
{{instructionsIncludes}}
Global
	GlobalSection(SolutionConfigurationPlatforms) = preSolution
		Debug|Any CPU = Debug|Any CPU
		Release|Any CPU = Release|Any CPU
	EndGlobalSection
	GlobalSection(ProjectConfigurationPlatforms) = postSolution
		{62dd2ddd-0bd4-4e9f-96bf-5d843525ca6c}.Debug|Any CPU.ActiveCfg = Debug|Any CPU
		{62dd2ddd-0bd4-4e9f-96bf-5d843525ca6c}.Debug|Any CPU.Build.0 = Debug|Any CPU
		{62dd2ddd-0bd4-4e9f-96bf-5d843525ca6c}.Release|Any CPU.ActiveCfg = Release|Any CPU
		{62dd2ddd-0bd4-4e9f-96bf-5d843525ca6c}.Release|Any CPU.Build.0 = Release|Any CPU
		{67a48904-a4b8-4185-9e0b-f59ae43a8317}.Debug|Any CPU.ActiveCfg = Debug|Any CPU
		{67a48904-a4b8-4185-9e0b-f59ae43a8317}.Debug|Any CPU.Build.0 = Debug|Any CPU
		{67a48904-a4b8-4185-9e0b-f59ae43a8317}.Release|Any CPU.ActiveCfg = Release|Any CPU
		{67a48904-a4b8-4185-9e0b-f59ae43a8317}.Release|Any CPU.Build.0 = Release|Any CPU
		{9520c003-4d3a-4128-afd8-d4521134b45c}.Debug|Any CPU.ActiveCfg = Debug|Any CPU
		{9520c003-4d3a-4128-afd8-d4521134b45c}.Debug|Any CPU.Build.0 = Debug|Any CPU
		{9520c003-4d3a-4128-afd8-d4521134b45c}.Release|Any CPU.ActiveCfg = Release|Any CPU
		{9520c003-4d3a-4128-afd8-d4521134b45c}.Release|Any CPU.Build.0 = Release|Any CPU
	EndGlobalSection
	GlobalSection(SolutionProperties) = preSolution
		HideSolutionNode = FALSE
	EndGlobalSection
EndGlobal