Microsoft Visual Studio Solution File, Format Version 12.00
# Visual Studio 14
VisualStudioVersion = 14.0.23107.0
MinimumVisualStudioVersion = 10.0.40219.1
Project("{41f60fb8-b247-4df5-a0a5-e8ba9e0fc379}") = "Sample.Endpoint1", "Sample.Endpoint1\Sample.Endpoint1.csproj", "{8079d945-c770-4873-bc73-bf2826fadf5c}"
EndProject
Project("{41f60fb8-b247-4df5-a0a5-e8ba9e0fc379}") = "Sample.Endpoint2", "Sample.Endpoint2\Sample.Endpoint2.csproj", "{2f2edb2f-b43d-410a-9f57-19c05910358b}"
EndProject
Project("{41f60fb8-b247-4df5-a0a5-e8ba9e0fc379}") = "Ignited.NServiceBus.Shared", "Ignited.NServiceBus.Shared\Ignited.NServiceBus.Shared.csproj", "{00f93129-0ff7-4945-b580-287384dc7e27}"
EndProject
{{instructionsIncludes}}
Global
	GlobalSection(SolutionConfigurationPlatforms) = preSolution
		Debug|Any CPU = Debug|Any CPU
		Release|Any CPU = Release|Any CPU
	EndGlobalSection
	GlobalSection(ProjectConfigurationPlatforms) = postSolution
		{8079d945-c770-4873-bc73-bf2826fadf5c}.Debug|Any CPU.ActiveCfg = Debug|Any CPU
		{8079d945-c770-4873-bc73-bf2826fadf5c}.Debug|Any CPU.Build.0 = Debug|Any CPU
		{8079d945-c770-4873-bc73-bf2826fadf5c}.Release|Any CPU.ActiveCfg = Release|Any CPU
		{8079d945-c770-4873-bc73-bf2826fadf5c}.Release|Any CPU.Build.0 = Release|Any CPU
		{2f2edb2f-b43d-410a-9f57-19c05910358b}.Debug|Any CPU.ActiveCfg = Debug|Any CPU
		{2f2edb2f-b43d-410a-9f57-19c05910358b}.Debug|Any CPU.Build.0 = Debug|Any CPU
		{2f2edb2f-b43d-410a-9f57-19c05910358b}.Release|Any CPU.ActiveCfg = Release|Any CPU
		{2f2edb2f-b43d-410a-9f57-19c05910358b}.Release|Any CPU.Build.0 = Release|Any CPU
		{00f93129-0ff7-4945-b580-287384dc7e27}.Debug|Any CPU.ActiveCfg = Debug|Any CPU
		{00f93129-0ff7-4945-b580-287384dc7e27}.Debug|Any CPU.Build.0 = Debug|Any CPU
		{00f93129-0ff7-4945-b580-287384dc7e27}.Release|Any CPU.ActiveCfg = Release|Any CPU
		{00f93129-0ff7-4945-b580-287384dc7e27}.Release|Any CPU.Build.0 = Release|Any CPU
	EndGlobalSection
	GlobalSection(SolutionProperties) = preSolution
		HideSolutionNode = FALSE
	EndGlobalSection
EndGlobal