Microsoft Visual Studio Solution File, Format Version 12.00
# Visual Studio 14
VisualStudioVersion = 14.0.23107.0
MinimumVisualStudioVersion = 10.0.40219.1
Project("{2462ed8c-6e32-4bb4-93f9-d1705cb21455}") = "Sample.Endpoint1", "Sample.Endpoint1\Sample.Endpoint1.csproj", "{02b2957d-5b6d-43a0-aac0-bbb34bcc6765}"
EndProject
Project("{2462ed8c-6e32-4bb4-93f9-d1705cb21455}") = "Sample.Endpoint2", "Sample.Endpoint2\Sample.Endpoint2.csproj", "{cf339eb7-40e3-4274-928d-5f1465e2b1c3}"
EndProject
Project("{2462ed8c-6e32-4bb4-93f9-d1705cb21455}") = "Ignited.NServiceBus.Shared", "Ignited.NServiceBus.Shared\Ignited.NServiceBus.Shared.csproj", "{15fe57bb-2885-4694-8407-2e928bb36aa3}"
EndProject
{{instructionsIncludes}}
Global
	GlobalSection(SolutionConfigurationPlatforms) = preSolution
		Debug|Any CPU = Debug|Any CPU
		Release|Any CPU = Release|Any CPU
	EndGlobalSection
	GlobalSection(ProjectConfigurationPlatforms) = postSolution
		{02b2957d-5b6d-43a0-aac0-bbb34bcc6765}.Debug|Any CPU.ActiveCfg = Debug|Any CPU
		{02b2957d-5b6d-43a0-aac0-bbb34bcc6765}.Debug|Any CPU.Build.0 = Debug|Any CPU
		{02b2957d-5b6d-43a0-aac0-bbb34bcc6765}.Release|Any CPU.ActiveCfg = Release|Any CPU
		{02b2957d-5b6d-43a0-aac0-bbb34bcc6765}.Release|Any CPU.Build.0 = Release|Any CPU
		{cf339eb7-40e3-4274-928d-5f1465e2b1c3}.Debug|Any CPU.ActiveCfg = Debug|Any CPU
		{cf339eb7-40e3-4274-928d-5f1465e2b1c3}.Debug|Any CPU.Build.0 = Debug|Any CPU
		{cf339eb7-40e3-4274-928d-5f1465e2b1c3}.Release|Any CPU.ActiveCfg = Release|Any CPU
		{cf339eb7-40e3-4274-928d-5f1465e2b1c3}.Release|Any CPU.Build.0 = Release|Any CPU
		{15fe57bb-2885-4694-8407-2e928bb36aa3}.Debug|Any CPU.ActiveCfg = Debug|Any CPU
		{15fe57bb-2885-4694-8407-2e928bb36aa3}.Debug|Any CPU.Build.0 = Debug|Any CPU
		{15fe57bb-2885-4694-8407-2e928bb36aa3}.Release|Any CPU.ActiveCfg = Release|Any CPU
		{15fe57bb-2885-4694-8407-2e928bb36aa3}.Release|Any CPU.Build.0 = Release|Any CPU
	EndGlobalSection
	GlobalSection(SolutionProperties) = preSolution
		HideSolutionNode = FALSE
	EndGlobalSection
EndGlobal