Microsoft Visual Studio Solution File, Format Version 12.00
# Visual Studio 14
VisualStudioVersion = 14.0.23107.0
MinimumVisualStudioVersion = 10.0.40219.1
Project("{f0c6bb37-35e4-472d-9826-93a6e1425af9}") = "Sample.Endpoint1", "Sample.Endpoint1\Sample.Endpoint1.csproj", "{605d4873-8bf8-4bbb-a7cd-c2728f91a5df}"
EndProject
Project("{f0c6bb37-35e4-472d-9826-93a6e1425af9}") = "Sample.Endpoint2", "Sample.Endpoint2\Sample.Endpoint2.csproj", "{2510d2a7-c04d-421b-a79e-018b8609765e}"
EndProject
Project("{f0c6bb37-35e4-472d-9826-93a6e1425af9}") = "Ignited.NServiceBus.Shared", "Ignited.NServiceBus.Shared\Ignited.NServiceBus.Shared.csproj", "{bc334104-89f9-4ec1-8d79-8274836ae72a}"
EndProject
{{instructionsIncludes}}
Global
	GlobalSection(SolutionConfigurationPlatforms) = preSolution
		Debug|Any CPU = Debug|Any CPU
		Release|Any CPU = Release|Any CPU
	EndGlobalSection
	GlobalSection(ProjectConfigurationPlatforms) = postSolution
		{605d4873-8bf8-4bbb-a7cd-c2728f91a5df}.Debug|Any CPU.ActiveCfg = Debug|Any CPU
		{605d4873-8bf8-4bbb-a7cd-c2728f91a5df}.Debug|Any CPU.Build.0 = Debug|Any CPU
		{605d4873-8bf8-4bbb-a7cd-c2728f91a5df}.Release|Any CPU.ActiveCfg = Release|Any CPU
		{605d4873-8bf8-4bbb-a7cd-c2728f91a5df}.Release|Any CPU.Build.0 = Release|Any CPU
		{2510d2a7-c04d-421b-a79e-018b8609765e}.Debug|Any CPU.ActiveCfg = Debug|Any CPU
		{2510d2a7-c04d-421b-a79e-018b8609765e}.Debug|Any CPU.Build.0 = Debug|Any CPU
		{2510d2a7-c04d-421b-a79e-018b8609765e}.Release|Any CPU.ActiveCfg = Release|Any CPU
		{2510d2a7-c04d-421b-a79e-018b8609765e}.Release|Any CPU.Build.0 = Release|Any CPU
		{bc334104-89f9-4ec1-8d79-8274836ae72a}.Debug|Any CPU.ActiveCfg = Debug|Any CPU
		{bc334104-89f9-4ec1-8d79-8274836ae72a}.Debug|Any CPU.Build.0 = Debug|Any CPU
		{bc334104-89f9-4ec1-8d79-8274836ae72a}.Release|Any CPU.ActiveCfg = Release|Any CPU
		{bc334104-89f9-4ec1-8d79-8274836ae72a}.Release|Any CPU.Build.0 = Release|Any CPU
	EndGlobalSection
	GlobalSection(SolutionProperties) = preSolution
		HideSolutionNode = FALSE
	EndGlobalSection
EndGlobal