Microsoft Visual Studio Solution File, Format Version 12.00
# Visual Studio 14
VisualStudioVersion = 14.0.23107.0
MinimumVisualStudioVersion = 10.0.40219.1
Project("{9b18e0a5-cfaa-4689-8319-9ce86555b72c}") = "Sample.Endpoint1", "Sample.Endpoint1\Sample.Endpoint1.csproj", "{6cb8518f-7b0f-49ad-a867-ed61c5582b1f}"
EndProject
Project("{9b18e0a5-cfaa-4689-8319-9ce86555b72c}") = "Sample.Endpoint2", "Sample.Endpoint2\Sample.Endpoint2.csproj", "{b293a249-dbee-4bf6-bf09-de8e5e8d6b9f}"
EndProject
Project("{9b18e0a5-cfaa-4689-8319-9ce86555b72c}") = "Ignited.NServiceBus.Shared", "Ignited.NServiceBus.Shared\Ignited.NServiceBus.Shared.csproj", "{6907fa8c-de75-4257-9967-f3a1e07256ad}"
EndProject
{{instructionsIncludes}}
Global
	GlobalSection(SolutionConfigurationPlatforms) = preSolution
		Debug|Any CPU = Debug|Any CPU
		Release|Any CPU = Release|Any CPU
	EndGlobalSection
	GlobalSection(ProjectConfigurationPlatforms) = postSolution
		{6cb8518f-7b0f-49ad-a867-ed61c5582b1f}.Debug|Any CPU.ActiveCfg = Debug|Any CPU
		{6cb8518f-7b0f-49ad-a867-ed61c5582b1f}.Debug|Any CPU.Build.0 = Debug|Any CPU
		{6cb8518f-7b0f-49ad-a867-ed61c5582b1f}.Release|Any CPU.ActiveCfg = Release|Any CPU
		{6cb8518f-7b0f-49ad-a867-ed61c5582b1f}.Release|Any CPU.Build.0 = Release|Any CPU
		{b293a249-dbee-4bf6-bf09-de8e5e8d6b9f}.Debug|Any CPU.ActiveCfg = Debug|Any CPU
		{b293a249-dbee-4bf6-bf09-de8e5e8d6b9f}.Debug|Any CPU.Build.0 = Debug|Any CPU
		{b293a249-dbee-4bf6-bf09-de8e5e8d6b9f}.Release|Any CPU.ActiveCfg = Release|Any CPU
		{b293a249-dbee-4bf6-bf09-de8e5e8d6b9f}.Release|Any CPU.Build.0 = Release|Any CPU
		{6907fa8c-de75-4257-9967-f3a1e07256ad}.Debug|Any CPU.ActiveCfg = Debug|Any CPU
		{6907fa8c-de75-4257-9967-f3a1e07256ad}.Debug|Any CPU.Build.0 = Debug|Any CPU
		{6907fa8c-de75-4257-9967-f3a1e07256ad}.Release|Any CPU.ActiveCfg = Release|Any CPU
		{6907fa8c-de75-4257-9967-f3a1e07256ad}.Release|Any CPU.Build.0 = Release|Any CPU
	EndGlobalSection
	GlobalSection(SolutionProperties) = preSolution
		HideSolutionNode = FALSE
	EndGlobalSection
EndGlobal