
Microsoft Visual Studio Solution File, Format Version 12.00
# Visual Studio 14
VisualStudioVersion = 14.0.23107.0
MinimumVisualStudioVersion = 10.0.40219.1
Project("{FAE04EC0-301F-11D3-BF4B-00C04F79EFBC}") = "NsbBootstrapper", "NsbBootstrapper\NsbBootstrapper.csproj", "{47E5BF73-83B7-4A52-8E13-90525BBC37A7}"
EndProject
Project("{FAE04EC0-301F-11D3-BF4B-00C04F79EFBC}") = "NServiceBus.Bootstrapper.Shared", "NServiceBus.Bootstrapper.Shared\NServiceBus.Bootstrapper.Shared.csproj", "{D81D401D-8384-4ACF-BD0B-5B470E64EC1C}"
EndProject
Project("{FAE04EC0-301F-11D3-BF4B-00C04F79EFBC}") = "NServiceBus.Bootstrapper.Version5", "NServiceBus.Bootstrapper.Version5\NServiceBus.Bootstrapper.Version5.csproj", "{946FC844-21C0-466B-B146-1780C70AD27A}"
EndProject
Project("{FAE04EC0-301F-11D3-BF4B-00C04F79EFBC}") = "NServiceBus.Bootstrapper.Version4", "NServiceBus.Bootstrapper.Version4\NServiceBus.Bootstrapper.Version4.csproj", "{2C98E719-80F6-4C75-A513-711CC56C0FDE}"
EndProject
Project("{FAE04EC0-301F-11D3-BF4B-00C04F79EFBC}") = "NServiceBus.Bootstrapper.Version6", "NServiceBus.Bootstrapper.Version6\NServiceBus.Bootstrapper.Version6.csproj", "{46544CFC-16F2-45DF-BBC5-A833E90A57E2}"
EndProject
Project("{FAE04EC0-301F-11D3-BF4B-00C04F79EFBC}") = "NServiceBus.Bootstrapper.Version3", "NServiceBus.Bootstrapper.Version3\NServiceBus.Bootstrapper.Version3.csproj", "{E7CE473D-E710-4B6B-BCF1-09000BE9B502}"
EndProject
Project("{2150E333-8FDC-42A3-9474-1A3956D46DE8}") = "Version Bootstrappers", "Version Bootstrappers", "{740E3E45-D62D-4EA2-938C-B280AF55F3F7}"
EndProject
Global
	GlobalSection(SolutionConfigurationPlatforms) = preSolution
		Debug|Any CPU = Debug|Any CPU
		Release|Any CPU = Release|Any CPU
	EndGlobalSection
	GlobalSection(ProjectConfigurationPlatforms) = postSolution
		{47E5BF73-83B7-4A52-8E13-90525BBC37A7}.Debug|Any CPU.ActiveCfg = Debug|Any CPU
		{47E5BF73-83B7-4A52-8E13-90525BBC37A7}.Debug|Any CPU.Build.0 = Debug|Any CPU
		{47E5BF73-83B7-4A52-8E13-90525BBC37A7}.Release|Any CPU.ActiveCfg = Release|Any CPU
		{47E5BF73-83B7-4A52-8E13-90525BBC37A7}.Release|Any CPU.Build.0 = Release|Any CPU
		{D81D401D-8384-4ACF-BD0B-5B470E64EC1C}.Debug|Any CPU.ActiveCfg = Debug|Any CPU
		{D81D401D-8384-4ACF-BD0B-5B470E64EC1C}.Debug|Any CPU.Build.0 = Debug|Any CPU
		{D81D401D-8384-4ACF-BD0B-5B470E64EC1C}.Release|Any CPU.ActiveCfg = Release|Any CPU
		{D81D401D-8384-4ACF-BD0B-5B470E64EC1C}.Release|Any CPU.Build.0 = Release|Any CPU
		{946FC844-21C0-466B-B146-1780C70AD27A}.Debug|Any CPU.ActiveCfg = Debug|Any CPU
		{946FC844-21C0-466B-B146-1780C70AD27A}.Debug|Any CPU.Build.0 = Debug|Any CPU
		{946FC844-21C0-466B-B146-1780C70AD27A}.Release|Any CPU.ActiveCfg = Release|Any CPU
		{946FC844-21C0-466B-B146-1780C70AD27A}.Release|Any CPU.Build.0 = Release|Any CPU
		{2C98E719-80F6-4C75-A513-711CC56C0FDE}.Debug|Any CPU.ActiveCfg = Debug|Any CPU
		{2C98E719-80F6-4C75-A513-711CC56C0FDE}.Debug|Any CPU.Build.0 = Debug|Any CPU
		{2C98E719-80F6-4C75-A513-711CC56C0FDE}.Release|Any CPU.ActiveCfg = Release|Any CPU
		{2C98E719-80F6-4C75-A513-711CC56C0FDE}.Release|Any CPU.Build.0 = Release|Any CPU
		{46544CFC-16F2-45DF-BBC5-A833E90A57E2}.Debug|Any CPU.ActiveCfg = Debug|Any CPU
		{46544CFC-16F2-45DF-BBC5-A833E90A57E2}.Debug|Any CPU.Build.0 = Debug|Any CPU
		{46544CFC-16F2-45DF-BBC5-A833E90A57E2}.Release|Any CPU.ActiveCfg = Release|Any CPU
		{46544CFC-16F2-45DF-BBC5-A833E90A57E2}.Release|Any CPU.Build.0 = Release|Any CPU
		{E7CE473D-E710-4B6B-BCF1-09000BE9B502}.Debug|Any CPU.ActiveCfg = Debug|Any CPU
		{E7CE473D-E710-4B6B-BCF1-09000BE9B502}.Debug|Any CPU.Build.0 = Debug|Any CPU
		{E7CE473D-E710-4B6B-BCF1-09000BE9B502}.Release|Any CPU.ActiveCfg = Release|Any CPU
		{E7CE473D-E710-4B6B-BCF1-09000BE9B502}.Release|Any CPU.Build.0 = Release|Any CPU
	EndGlobalSection
	GlobalSection(SolutionProperties) = preSolution
		HideSolutionNode = FALSE
	EndGlobalSection
	GlobalSection(NestedProjects) = preSolution
		{946FC844-21C0-466B-B146-1780C70AD27A} = {740E3E45-D62D-4EA2-938C-B280AF55F3F7}
		{2C98E719-80F6-4C75-A513-711CC56C0FDE} = {740E3E45-D62D-4EA2-938C-B280AF55F3F7}
		{46544CFC-16F2-45DF-BBC5-A833E90A57E2} = {740E3E45-D62D-4EA2-938C-B280AF55F3F7}
		{E7CE473D-E710-4B6B-BCF1-09000BE9B502} = {740E3E45-D62D-4EA2-938C-B280AF55F3F7}
	EndGlobalSection
EndGlobal
